
Microsoft Visual Studio Solution File, Format Version 12.00
# Visual Studio Version 17
VisualStudioVersion = 17.3.32901.215
MinimumVisualStudioVersion = 10.0.40219.1
Project("{2150E333-8FDC-42A3-9474-1A3956D46DE8}") = "UI", "UI", "{23AE8864-A9EE-4A79-8641-237294DEB7EB}"
EndProject
Project("{FAE04EC0-301F-11D3-BF4B-00C04F79EFBC}") = "CiscoEshop.UI", "CiscoEshop.UI\CiscoEshop.UI.csproj", "{5EFEABCE-830D-4FC3-B5D6-89E813A6DE4F}"
EndProject
Global
	GlobalSection(SolutionConfigurationPlatforms) = preSolution
		Debug|Any CPU = Debug|Any CPU
		Release|Any CPU = Release|Any CPU
	EndGlobalSection
	GlobalSection(ProjectConfigurationPlatforms) = postSolution
		{5EFEABCE-830D-4FC3-B5D6-89E813A6DE4F}.Debug|Any CPU.ActiveCfg = Debug|Any CPU
		{5EFEABCE-830D-4FC3-B5D6-89E813A6DE4F}.Debug|Any CPU.Build.0 = Debug|Any CPU
		{5EFEABCE-830D-4FC3-B5D6-89E813A6DE4F}.Release|Any CPU.ActiveCfg = Release|Any CPU
		{5EFEABCE-830D-4FC3-B5D6-89E813A6DE4F}.Release|Any CPU.Build.0 = Release|Any CPU
	EndGlobalSection
	GlobalSection(SolutionProperties) = preSolution
		HideSolutionNode = FALSE
	EndGlobalSection
	GlobalSection(NestedProjects) = preSolution
		{5EFEABCE-830D-4FC3-B5D6-89E813A6DE4F} = {23AE8864-A9EE-4A79-8641-237294DEB7EB}
	EndGlobalSection
	GlobalSection(ExtensibilityGlobals) = postSolution
		SolutionGuid = {447D2C2F-6E86-48D1-9499-4A59C732C70E}
	EndGlobalSection
EndGlobal
